
Microsoft Visual Studio Solution File, Format Version 11.00
# Visual Studio 2010
Project("{FAE04EC0-301F-11D3-BF4B-00C04F79EFBC}") = "WellDunne.Test", "WellDunne.Test\WellDunne.Test.csproj", "{0C77855C-8DA6-4FCB-8B15-0A60CBE78488}"
EndProject
Project("{FAE04EC0-301F-11D3-BF4B-00C04F79EFBC}") = "WellDunne", "WellDunne\WellDunne.csproj", "{08ADEEC4-9E9D-495F-9ACC-8ACD23B14438}"
EndProject
Project("{FAE04EC0-301F-11D3-BF4B-00C04F79EFBC}") = "WellDunne.Web", "WellDunne.Web\WellDunne.Web.csproj", "{59F1DB36-66D9-416B-A032-64E8722B77FD}"
EndProject
Project("{2150E333-8FDC-42A3-9474-1A3956D46DE8}") = "Framework", "Framework", "{50A05FA8-4687-4FEB-8975-FA03E773FBF5}"
EndProject
Project("{FAE04EC0-301F-11D3-BF4B-00C04F79EFBC}") = "WellDunne.WebTools", "WellDunne.WebTools\WellDunne.WebTools.csproj", "{330066FB-D466-4299-9A21-88622AE9BEBA}"
EndProject
Project("{FAE04EC0-301F-11D3-BF4B-00C04F79EFBC}") = "WellDunne.ExpressionLibrary", "WellDunne.Expressions\WellDunne.ExpressionLibrary.csproj", "{5800CA71-FE1E-439C-A7D6-EDAE91FDE168}"
EndProject
Global
	GlobalSection(SolutionConfigurationPlatforms) = preSolution
		Debug|Any CPU = Debug|Any CPU
		Debug|Mixed Platforms = Debug|Mixed Platforms
		Debug|x86 = Debug|x86
		Release|Any CPU = Release|Any CPU
		Release|Mixed Platforms = Release|Mixed Platforms
		Release|x86 = Release|x86
	EndGlobalSection
	GlobalSection(ProjectConfigurationPlatforms) = postSolution
		{0C77855C-8DA6-4FCB-8B15-0A60CBE78488}.Debug|Any CPU.ActiveCfg = Debug|x86
		{0C77855C-8DA6-4FCB-8B15-0A60CBE78488}.Debug|Mixed Platforms.ActiveCfg = Debug|x86
		{0C77855C-8DA6-4FCB-8B15-0A60CBE78488}.Debug|Mixed Platforms.Build.0 = Debug|x86
		{0C77855C-8DA6-4FCB-8B15-0A60CBE78488}.Debug|x86.ActiveCfg = Debug|x86
		{0C77855C-8DA6-4FCB-8B15-0A60CBE78488}.Debug|x86.Build.0 = Debug|x86
		{0C77855C-8DA6-4FCB-8B15-0A60CBE78488}.Release|Any CPU.ActiveCfg = Release|x86
		{0C77855C-8DA6-4FCB-8B15-0A60CBE78488}.Release|Mixed Platforms.ActiveCfg = Release|x86
		{0C77855C-8DA6-4FCB-8B15-0A60CBE78488}.Release|Mixed Platforms.Build.0 = Release|x86
		{0C77855C-8DA6-4FCB-8B15-0A60CBE78488}.Release|x86.ActiveCfg = Release|x86
		{0C77855C-8DA6-4FCB-8B15-0A60CBE78488}.Release|x86.Build.0 = Release|x86
		{08ADEEC4-9E9D-495F-9ACC-8ACD23B14438}.Debug|Any CPU.ActiveCfg = Debug|Any CPU
		{08ADEEC4-9E9D-495F-9ACC-8ACD23B14438}.Debug|Any CPU.Build.0 = Debug|Any CPU
		{08ADEEC4-9E9D-495F-9ACC-8ACD23B14438}.Debug|Mixed Platforms.ActiveCfg = Debug|Any CPU
		{08ADEEC4-9E9D-495F-9ACC-8ACD23B14438}.Debug|Mixed Platforms.Build.0 = Debug|Any CPU
		{08ADEEC4-9E9D-495F-9ACC-8ACD23B14438}.Debug|x86.ActiveCfg = Debug|Any CPU
		{08ADEEC4-9E9D-495F-9ACC-8ACD23B14438}.Release|Any CPU.ActiveCfg = Release|Any CPU
		{08ADEEC4-9E9D-495F-9ACC-8ACD23B14438}.Release|Any CPU.Build.0 = Release|Any CPU
		{08ADEEC4-9E9D-495F-9ACC-8ACD23B14438}.Release|Mixed Platforms.ActiveCfg = Release|Any CPU
		{08ADEEC4-9E9D-495F-9ACC-8ACD23B14438}.Release|Mixed Platforms.Build.0 = Release|Any CPU
		{08ADEEC4-9E9D-495F-9ACC-8ACD23B14438}.Release|x86.ActiveCfg = Release|Any CPU
		{59F1DB36-66D9-416B-A032-64E8722B77FD}.Debug|Any CPU.ActiveCfg = Debug|Any CPU
		{59F1DB36-66D9-416B-A032-64E8722B77FD}.Debug|Any CPU.Build.0 = Debug|Any CPU
		{59F1DB36-66D9-416B-A032-64E8722B77FD}.Debug|Mixed Platforms.ActiveCfg = Debug|Any CPU
		{59F1DB36-66D9-416B-A032-64E8722B77FD}.Debug|Mixed Platforms.Build.0 = Debug|Any CPU
		{59F1DB36-66D9-416B-A032-64E8722B77FD}.Debug|x86.ActiveCfg = Debug|Any CPU
		{59F1DB36-66D9-416B-A032-64E8722B77FD}.Release|Any CPU.ActiveCfg = Release|Any CPU
		{59F1DB36-66D9-416B-A032-64E8722B77FD}.Release|Any CPU.Build.0 = Release|Any CPU
		{59F1DB36-66D9-416B-A032-64E8722B77FD}.Release|Mixed Platforms.ActiveCfg = Release|Any CPU
		{59F1DB36-66D9-416B-A032-64E8722B77FD}.Release|Mixed Platforms.Build.0 = Release|Any CPU
		{59F1DB36-66D9-416B-A032-64E8722B77FD}.Release|x86.ActiveCfg = Release|Any CPU
		{330066FB-D466-4299-9A21-88622AE9BEBA}.Debug|Any CPU.ActiveCfg = Debug|Any CPU
		{330066FB-D466-4299-9A21-88622AE9BEBA}.Debug|Any CPU.Build.0 = Debug|Any CPU
		{330066FB-D466-4299-9A21-88622AE9BEBA}.Debug|Mixed Platforms.ActiveCfg = Debug|Any CPU
		{330066FB-D466-4299-9A21-88622AE9BEBA}.Debug|Mixed Platforms.Build.0 = Debug|Any CPU
		{330066FB-D466-4299-9A21-88622AE9BEBA}.Debug|x86.ActiveCfg = Debug|Any CPU
		{330066FB-D466-4299-9A21-88622AE9BEBA}.Release|Any CPU.ActiveCfg = Release|Any CPU
		{330066FB-D466-4299-9A21-88622AE9BEBA}.Release|Any CPU.Build.0 = Release|Any CPU
		{330066FB-D466-4299-9A21-88622AE9BEBA}.Release|Mixed Platforms.ActiveCfg = Release|Any CPU
		{330066FB-D466-4299-9A21-88622AE9BEBA}.Release|Mixed Platforms.Build.0 = Release|Any CPU
		{330066FB-D466-4299-9A21-88622AE9BEBA}.Release|x86.ActiveCfg = Release|Any CPU
		{5800CA71-FE1E-439C-A7D6-EDAE91FDE168}.Debug|Any CPU.ActiveCfg = Debug|Any CPU
		{5800CA71-FE1E-439C-A7D6-EDAE91FDE168}.Debug|Any CPU.Build.0 = Debug|Any CPU
		{5800CA71-FE1E-439C-A7D6-EDAE91FDE168}.Debug|Mixed Platforms.ActiveCfg = Debug|Any CPU
		{5800CA71-FE1E-439C-A7D6-EDAE91FDE168}.Debug|Mixed Platforms.Build.0 = Debug|Any CPU
		{5800CA71-FE1E-439C-A7D6-EDAE91FDE168}.Debug|x86.ActiveCfg = Debug|Any CPU
		{5800CA71-FE1E-439C-A7D6-EDAE91FDE168}.Release|Any CPU.ActiveCfg = Release|Any CPU
		{5800CA71-FE1E-439C-A7D6-EDAE91FDE168}.Release|Any CPU.Build.0 = Release|Any CPU
		{5800CA71-FE1E-439C-A7D6-EDAE91FDE168}.Release|Mixed Platforms.ActiveCfg = Release|Any CPU
		{5800CA71-FE1E-439C-A7D6-EDAE91FDE168}.Release|Mixed Platforms.Build.0 = Release|Any CPU
		{5800CA71-FE1E-439C-A7D6-EDAE91FDE168}.Release|x86.ActiveCfg = Release|Any CPU
	EndGlobalSection
	GlobalSection(SolutionProperties) = preSolution
		HideSolutionNode = FALSE
	EndGlobalSection
	GlobalSection(NestedProjects) = preSolution
		{59F1DB36-66D9-416B-A032-64E8722B77FD} = {50A05FA8-4687-4FEB-8975-FA03E773FBF5}
		{08ADEEC4-9E9D-495F-9ACC-8ACD23B14438} = {50A05FA8-4687-4FEB-8975-FA03E773FBF5}
		{5800CA71-FE1E-439C-A7D6-EDAE91FDE168} = {50A05FA8-4687-4FEB-8975-FA03E773FBF5}
	EndGlobalSection
EndGlobal
